
Microsoft Visual Studio Solution File, Format Version 12.00
# Visual Studio Version 17
VisualStudioVersion = 17.7.34202.233
MinimumVisualStudioVersion = 10.0.40219.1
Project("{FAE04EC0-301F-11D3-BF4B-00C04F79EFBC}") = "Gym", "Integrador\Gym.csproj", "{9D82C9D2-D43D-4262-8551-3E7C40E72D26}"
EndProject
Project("{FAE04EC0-301F-11D3-BF4B-00C04F79EFBC}") = "Models", "Models\Models.csproj", "{7F0768C7-019B-40C2-A04D-51F84D8F1D80}"
EndProject
Global
	GlobalSection(SolutionConfigurationPlatforms) = preSolution
		Debug|Any CPU = Debug|Any CPU
		Release|Any CPU = Release|Any CPU
	EndGlobalSection
	GlobalSection(ProjectConfigurationPlatforms) = postSolution
		{9D82C9D2-D43D-4262-8551-3E7C40E72D26}.Debug|Any CPU.ActiveCfg = Debug|Any CPU
		{9D82C9D2-D43D-4262-8551-3E7C40E72D26}.Debug|Any CPU.Build.0 = Debug|Any CPU
		{9D82C9D2-D43D-4262-8551-3E7C40E72D26}.Release|Any CPU.ActiveCfg = Release|Any CPU
		{9D82C9D2-D43D-4262-8551-3E7C40E72D26}.Release|Any CPU.Build.0 = Release|Any CPU
		{7F0768C7-019B-40C2-A04D-51F84D8F1D80}.Debug|Any CPU.ActiveCfg = Debug|Any CPU
		{7F0768C7-019B-40C2-A04D-51F84D8F1D80}.Debug|Any CPU.Build.0 = Debug|Any CPU
		{7F0768C7-019B-40C2-A04D-51F84D8F1D80}.Release|Any CPU.ActiveCfg = Release|Any CPU
		{7F0768C7-019B-40C2-A04D-51F84D8F1D80}.Release|Any CPU.Build.0 = Release|Any CPU
	EndGlobalSection
	GlobalSection(SolutionProperties) = preSolution
		HideSolutionNode = FALSE
	EndGlobalSection
	GlobalSection(ExtensibilityGlobals) = postSolution
		SolutionGuid = {94E0D46B-9391-4660-97F8-BFED4D35790D}
	EndGlobalSection
EndGlobal
